
Microsoft Visual Studio Solution File, Format Version 12.00
# Visual Studio 2012
Project("{FAE04EC0-301F-11D3-BF4B-00C04F79EFBC}") = "Client", "Client\Client.csproj", "{F3FA0356-3626-40CE-AF13-C75CCF2B24D4}"
EndProject
Project("{FAE04EC0-301F-11D3-BF4B-00C04F79EFBC}") = "ImageUploadService", "ImageUploadService\ImageUploadService.csproj", "{9CFFCD0E-200F-4CC4-95FD-AA996A1A44D1}"
EndProject
Global
	GlobalSection(TeamFoundationVersionControl) = preSolution
		SccNumberOfProjects = 3
		SccEnterpriseProvider = {4CA58AB2-18FA-4F8D-95D4-32DDF27D184C}
		SccTeamFoundationServer = http://192.168.10.26:8080/
		SccLocalPath0 = .
		SccProjectUniqueName1 = Client\\Client.csproj
		SccProjectName1 = Client
		SccLocalPath1 = Client
		SccProjectUniqueName2 = ImageUploadService\\ImageUploadService.csproj
		SccProjectName2 = ImageUploadService
		SccLocalPath2 = ImageUploadService
	EndGlobalSection
	GlobalSection(SolutionConfigurationPlatforms) = preSolution
		Debug|Any CPU = Debug|Any CPU
		Release|Any CPU = Release|Any CPU
	EndGlobalSection
	GlobalSection(ProjectConfigurationPlatforms) = postSolution
		{F3FA0356-3626-40CE-AF13-C75CCF2B24D4}.Debug|Any CPU.ActiveCfg = Debug|Any CPU
		{F3FA0356-3626-40CE-AF13-C75CCF2B24D4}.Debug|Any CPU.Build.0 = Debug|Any CPU
		{F3FA0356-3626-40CE-AF13-C75CCF2B24D4}.Release|Any CPU.ActiveCfg = Release|Any CPU
		{F3FA0356-3626-40CE-AF13-C75CCF2B24D4}.Release|Any CPU.Build.0 = Release|Any CPU
		{9CFFCD0E-200F-4CC4-95FD-AA996A1A44D1}.Debug|Any CPU.ActiveCfg = Debug|Any CPU
		{9CFFCD0E-200F-4CC4-95FD-AA996A1A44D1}.Debug|Any CPU.Build.0 = Debug|Any CPU
		{9CFFCD0E-200F-4CC4-95FD-AA996A1A44D1}.Release|Any CPU.ActiveCfg = Release|Any CPU
		{9CFFCD0E-200F-4CC4-95FD-AA996A1A44D1}.Release|Any CPU.Build.0 = Release|Any CPU
	EndGlobalSection
	GlobalSection(SolutionProperties) = preSolution
		HideSolutionNode = FALSE
	EndGlobalSection
EndGlobal
